
Microsoft Visual Studio Solution File, Format Version 12.00
# Visual Studio Version 16
VisualStudioVersion = 16.0.30204.135
MinimumVisualStudioVersion = 10.0.40219.1
Project("{FAE04EC0-301F-11D3-BF4B-00C04F79EFBC}") = "KamenNuzkyPapir", "KamenNuzkyPapir\KamenNuzkyPapir.csproj", "{6362BA39-48A2-4009-B0E5-8A16DB8AFC3E}"
EndProject
Global
	GlobalSection(SolutionConfigurationPlatforms) = preSolution
		Debug|Any CPU = Debug|Any CPU
		Release|Any CPU = Release|Any CPU
	EndGlobalSection
	GlobalSection(ProjectConfigurationPlatforms) = postSolution
		{6362BA39-48A2-4009-B0E5-8A16DB8AFC3E}.Debug|Any CPU.ActiveCfg = Debug|Any CPU
		{6362BA39-48A2-4009-B0E5-8A16DB8AFC3E}.Debug|Any CPU.Build.0 = Debug|Any CPU
		{6362BA39-48A2-4009-B0E5-8A16DB8AFC3E}.Release|Any CPU.ActiveCfg = Release|Any CPU
		{6362BA39-48A2-4009-B0E5-8A16DB8AFC3E}.Release|Any CPU.Build.0 = Release|Any CPU
	EndGlobalSection
	GlobalSection(SolutionProperties) = preSolution
		HideSolutionNode = FALSE
	EndGlobalSection
	GlobalSection(ExtensibilityGlobals) = postSolution
		SolutionGuid = {98563CDC-980A-4662-B0A7-9A0ABDE73891}
	EndGlobalSection
EndGlobal
